
Microsoft Visual Studio Solution File, Format Version 12.00
# Visual Studio Version 17
VisualStudioVersion = 17.8.34322.80
MinimumVisualStudioVersion = 10.0.40219.1
Project("{FAE04EC0-301F-11D3-BF4B-00C04F79EFBC}") = "Brgy_Clinic_Design", "Brgy_Clinic_Design\Brgy_Clinic_Design.csproj", "{46424CFD-11F9-4266-A358-F7CE27F38363}"
EndProject
Global
	GlobalSection(SolutionConfigurationPlatforms) = preSolution
		Debug|Any CPU = Debug|Any CPU
		Release|Any CPU = Release|Any CPU
	EndGlobalSection
	GlobalSection(ProjectConfigurationPlatforms) = postSolution
		{46424CFD-11F9-4266-A358-F7CE27F38363}.Debug|Any CPU.ActiveCfg = Debug|Any CPU
		{46424CFD-11F9-4266-A358-F7CE27F38363}.Debug|Any CPU.Build.0 = Debug|Any CPU
		{46424CFD-11F9-4266-A358-F7CE27F38363}.Release|Any CPU.ActiveCfg = Release|Any CPU
		{46424CFD-11F9-4266-A358-F7CE27F38363}.Release|Any CPU.Build.0 = Release|Any CPU
	EndGlobalSection
	GlobalSection(SolutionProperties) = preSolution
		HideSolutionNode = FALSE
	EndGlobalSection
	GlobalSection(ExtensibilityGlobals) = postSolution
		SolutionGuid = {B544082A-B38A-4D67-A6A1-A375DDE6F48D}
	EndGlobalSection
EndGlobal
